// !$*UTF8*$!
{
	archiveVersion = 1;
	classes = {
	};
	objectVersion = 51;
	objects = {

/* Begin PBXBuildFile section */
		0382E0228961A8AA4C4802C2 /* Pods_Boom.framework in Frameworks */ = {isa = PBXBuildFile; fileRef = 2B5D57D3E8849298264F8C60 /* Pods_Boom.framework */; };
		D119643A25D669BA00CF983A /* CalculateItem.swift in Sources */ = {isa = PBXBuildFile; fileRef = D119643925D669BA00CF983A /* CalculateItem.swift */; };
		D119643E25D68A1300CF983A /* GoogleService-Info.plist in Resources */ = {isa = PBXBuildFile; fileRef = D119643D25D68A1300CF983A /* GoogleService-Info.plist */; };
		D124E28925D513EB00601643 /* PageViewController.swift in Sources */ = {isa = PBXBuildFile; fileRef = D124E28825D513EB00601643 /* PageViewController.swift */; };
		D12AED4E25D7C21B0082FB57 /* StartViewController.swift in Sources */ = {isa = PBXBuildFile; fileRef = D12AED4D25D7C21B0082FB57 /* StartViewController.swift */; };
		D12D68F625D29D77003D91D8 /* GameViewController.swift in Sources */ = {isa = PBXBuildFile; fileRef = D12D68F525D29D77003D91D8 /* GameViewController.swift */; };
		D12D68F925D29D8A003D91D8 /* InformationViewController.swift in Sources */ = {isa = PBXBuildFile; fileRef = D12D68F825D29D8A003D91D8 /* InformationViewController.swift */; };
		D12D68FD25D2A0AD003D91D8 /* CalculateViewController.swift in Sources */ = {isa = PBXBuildFile; fileRef = D12D68FC25D2A0AD003D91D8 /* CalculateViewController.swift */; };
		D178B81C25D266DA00EF6857 /* AppDelegate.swift in Sources */ = {isa = PBXBuildFile; fileRef = D178B81B25D266DA00EF6857 /* AppDelegate.swift */; };
		D178B81E25D266DA00EF6857 /* SceneDelegate.swift in Sources */ = {isa = PBXBuildFile; fileRef = D178B81D25D266DA00EF6857 /* SceneDelegate.swift */; };
		D178B82025D266DA00EF6857 /* ViewController.swift in Sources */ = {isa = PBXBuildFile; fileRef = D178B81F25D266DA00EF6857 /* ViewController.swift */; };
		D178B82325D266DA00EF6857 /* Main.storyboard in Resources */ = {isa = PBXBuildFile; fileRef = D178B82125D266DA00EF6857 /* Main.storyboard */; };
		D178B82525D266DB00EF6857 /* Assets.xcassets in Resources */ = {isa = PBXBuildFile; fileRef = D178B82425D266DB00EF6857 /* Assets.xcassets */; };
		D178B82825D266DB00EF6857 /* LaunchScreen.storyboard in Resources */ = {isa = PBXBuildFile; fileRef = D178B82625D266DB00EF6857 /* LaunchScreen.storyboard */; };
/* End PBXBuildFile section */

/* Begin PBXFileReference section */
		04476E99A1BEDFBE85765D5F /* Pods-Boom.release.xcconfig */ = {isa = PBXFileReference; includeInIndex = 1; lastKnownFileType = text.xcconfig; name = "Pods-Boom.release.xcconfig"; path = "Target Support Files/Pods-Boom/Pods-Boom.release.xcconfig"; sourceTree = "<group>"; };
		2B5D57D3E8849298264F8C60 /* Pods_Boom.framework */ = {isa = PBXFileReference; explicitFileType = wrapper.framework; includeInIndex = 0; path = Pods_Boom.framework; sourceTree = BUILT_PRODUCTS_DIR; };
		2FB2A0C5D8325C898DE6AF9A /* Pods-Boom.debug.xcconfig */ = {isa = PBXFileReference; includeInIndex = 1; lastKnownFileType = text.xcconfig; name = "Pods-Boom.debug.xcconfig"; path = "Target Support Files/Pods-Boom/Pods-Boom.debug.xcconfig"; sourceTree = "<group>"; };
		D119643925D669BA00CF983A /* CalculateItem.swift */ = {isa = PBXFileReference; lastKnownFileType = sourcecode.swift; path = CalculateItem.swift; sourceTree = "<group>"; };
		D119643D25D68A1300CF983A /* GoogleService-Info.plist */ = {isa = PBXFileReference; fileEncoding = 4; lastKnownFileType = text.plist.xml; name = "GoogleService-Info.plist"; path = "../../../../Downloads/GoogleService-Info.plist"; sourceTree = "<group>"; };
		D124E28825D513EB00601643 /* PageViewController.swift */ = {isa = PBXFileReference; lastKnownFileType = sourcecode.swift; path = PageViewController.swift; sourceTree = "<group>"; };
		D12AED4D25D7C21B0082FB57 /* StartViewController.swift */ = {isa = PBXFileReference; lastKnownFileType = sourcecode.swift; path = StartViewController.swift; sourceTree = "<group>"; };
		D12D68F525D29D77003D91D8 /* GameViewController.swift */ = {isa = PBXFileReference; lastKnownFileType = sourcecode.swift; path = GameViewController.swift; sourceTree = "<group>"; };
		D12D68F825D29D8A003D91D8 /* InformationViewController.swift */ = {isa = PBXFileReference; lastKnownFileType = sourcecode.swift; path = InformationViewController.swift; sourceTree = "<group>"; };
		D12D68FC25D2A0AD003D91D8 /* CalculateViewController.swift */ = {isa = PBXFileReference; lastKnownFileType = sourcecode.swift; path = CalculateViewController.swift; sourceTree = "<group>"; };
		D178B81825D266DA00EF6857 /* Boom.app */ = {isa = PBXFileReference; explicitFileType = wrapper.application; includeInIndex = 0; path = Boom.app; sourceTree = BUILT_PRODUCTS_DIR; };
		D178B81B25D266DA00EF6857 /* AppDelegate.swift */ = {isa = PBXFileReference; lastKnownFileType = sourcecode.swift; path = AppDelegate.swift; sourceTree = "<group>"; };
		D178B81D25D266DA00EF6857 /* SceneDelegate.swift */ = {isa = PBXFileReference; lastKnownFileType = sourcecode.swift; path = SceneDelegate.swift; sourceTree = "<group>"; };
		D178B81F25D266DA00EF6857 /* ViewController.swift */ = {isa = PBXFileReference; lastKnownFileType = sourcecode.swift; path = ViewController.swift; sourceTree = "<group>"; };
		D178B82225D266DA00EF6857 /* Base */ = {isa = PBXFileReference; lastKnownFileType = file.storyboard; name = Base; path = Base.lproj/Main.storyboard; sourceTree = "<group>"; };
		D178B82425D266DB00EF6857 /* Assets.xcassets */ = {isa = PBXFileReference; lastKnownFileType = folder.assetcatalog; path = Assets.xcassets; sourceTree = "<group>"; };
		D178B82725D266DB00EF6857 /* Base */ = {isa = PBXFileReference; lastKnownFileType = file.storyboard; name = Base; path = Base.lproj/LaunchScreen.storyboard; sourceTree = "<group>"; };
		D178B82925D266DB00EF6857 /* Info.plist */ = {isa = PBXFileReference; lastKnownFileType = text.plist.xml; path = Info.plist; sourceTree = "<group>"; };
/* End PBXFileReference section */

/* Begin PBXFrameworksBuildPhase section */
		D178B81525D266DA00EF6857 /* Frameworks */ = {
			isa = PBXFrameworksBuildPhase;
			buildActionMask = 2147483647;
			files = (
				0382E0228961A8AA4C4802C2 /* Pods_Boom.framework in Frameworks */,
			);
			runOnlyForDeploymentPostprocessing = 0;
		};
/* End PBXFrameworksBuildPhase section */

/* Begin PBXGroup section */
		5A22C2C1A46BAEC4DE4D63F3 /* Frameworks */ = {
			isa = PBXGroup;
			children = (
				2B5D57D3E8849298264F8C60 /* Pods_Boom.framework */,
			);
			name = Frameworks;
			sourceTree = "<group>";
		};
		D119643625D6694700CF983A /* CalView */ = {
			isa = PBXGroup;
			children = (
				D12D68FC25D2A0AD003D91D8 /* CalculateViewController.swift */,
				D119643925D669BA00CF983A /* CalculateItem.swift */,
			);
			path = CalView;
			sourceTree = "<group>";
		};
		D119643725D6696800CF983A /* InformView */ = {
			isa = PBXGroup;
			children = (
				D12D68F825D29D8A003D91D8 /* InformationViewController.swift */,
			);
			path = InformView;
			sourceTree = "<group>";
		};
		D119643825D6696E00CF983A /* GameView */ = {
			isa = PBXGroup;
			children = (
				D12D68F525D29D77003D91D8 /* GameViewController.swift */,
			);
			path = GameView;
			sourceTree = "<group>";
		};
		D178B80F25D266DA00EF6857 = {
			isa = PBXGroup;
			children = (
				D178B81A25D266DA00EF6857 /* Boom */,
				D178B81925D266DA00EF6857 /* Products */,
				E04CC63F7190EB85E5B1E832 /* Pods */,
				5A22C2C1A46BAEC4DE4D63F3 /* Frameworks */,
			);
			sourceTree = "<group>";
		};
		D178B81925D266DA00EF6857 /* Products */ = {
			isa = PBXGroup;
			children = (
				D178B81825D266DA00EF6857 /* Boom.app */,
			);
			name = Products;
			sourceTree = "<group>";
		};
		D178B81A25D266DA00EF6857 /* Boom */ = {
			isa = PBXGroup;
			children = (
				D119643825D6696E00CF983A /* GameView */,
				D119643725D6696800CF983A /* InformView */,
				D119643625D6694700CF983A /* CalView */,
				D178B81B25D266DA00EF6857 /* AppDelegate.swift */,
				D178B81D25D266DA00EF6857 /* SceneDelegate.swift */,
				D178B81F25D266DA00EF6857 /* ViewController.swift */,
				D178B82125D266DA00EF6857 /* Main.storyboard */,
				D12AED4D25D7C21B0082FB57 /* StartViewController.swift */,
				D124E28825D513EB00601643 /* PageViewController.swift */,
				D178B82425D266DB00EF6857 /* Assets.xcassets */,
				D178B82625D266DB00EF6857 /* LaunchScreen.storyboard */,
				D119643D25D68A1300CF983A /* GoogleService-Info.plist */,
				D178B82925D266DB00EF6857 /* Info.plist */,
			);
			path = Boom;
			sourceTree = "<group>";
		};
		E04CC63F7190EB85E5B1E832 /* Pods */ = {
			isa = PBXGroup;
			children = (
				2FB2A0C5D8325C898DE6AF9A /* Pods-Boom.debug.xcconfig */,
				04476E99A1BEDFBE85765D5F /* Pods-Boom.release.xcconfig */,
			);
			path = Pods;
			sourceTree = "<group>";
		};
/* End PBXGroup section */

/* Begin PBXNativeTarget section */
		D178B81725D266DA00EF6857 /* Boom */ = {
			isa = PBXNativeTarget;
			buildConfigurationList = D178B82C25D266DB00EF6857 /* Build configuration list for PBXNativeTarget "Boom" */;
			buildPhases = (
				D9EE66D9392DB2857B70F544 /* [CP] Check Pods Manifest.lock */,
				D178B81425D266DA00EF6857 /* Sources */,
				D178B81525D266DA00EF6857 /* Frameworks */,
				D178B81625D266DA00EF6857 /* Resources */,
				A0CD9D5BFC93EC6B833EDFAD /* [CP] Embed Pods Frameworks */,
			);
			buildRules = (
			);
			dependencies = (
			);
			name = Boom;
			productName = Boom;
			productReference = D178B81825D266DA00EF6857 /* Boom.app */;
			productType = "com.apple.product-type.application";
		};
/* End PBXNativeTarget section */

/* Begin PBXProject section */
		D178B81025D266DA00EF6857 /* Project object */ = {
			isa = PBXProject;
			attributes = {
				LastSwiftUpdateCheck = 1240;
				LastUpgradeCheck = 1240;
				TargetAttributes = {
					D178B81725D266DA00EF6857 = {
						CreatedOnToolsVersion = 12.4;
					};
				};
			};
			buildConfigurationList = D178B81325D266DA00EF6857 /* Build configuration list for PBXProject "Boom" */;
			compatibilityVersion = "Xcode 9.3";
			developmentRegion = en;
			hasScannedForEncodings = 0;
			knownRegions = (
				en,
				Base,
			);
			mainGroup = D178B80F25D266DA00EF6857;
			productRefGroup = D178B81925D266DA00EF6857 /* Products */;
			projectDirPath = "";
			projectRoot = "";
			targets = (
				D178B81725D266DA00EF6857 /* Boom */,
			);
		};
/* End PBXProject section */

/* Begin PBXResourcesBuildPhase section */
		D178B81625D266DA00EF6857 /* Resources */ = {
			isa = PBXResourcesBuildPhase;
			buildActionMask = 2147483647;
			files = (
				D178B82825D266DB00EF6857 /* LaunchScreen.storyboard in Resources */,
				D119643E25D68A1300CF983A /* GoogleService-Info.plist in Resources */,
				D178B82525D266DB00EF6857 /* Assets.xcassets in Resources */,
				D178B82325D266DA00EF6857 /* Main.storyboard in Resources */,
			);
			runOnlyForDeploymentPostprocessing = 0;
		};
/* End PBXResourcesBuildPhase section */

/* Begin PBXShellScriptBuildPhase section */
		A0CD9D5BFC93EC6B833EDFAD /* [CP] Embed Pods Frameworks */ = {
			isa = PBXShellScriptBuildPhase;
			buildActionMask = 2147483647;
			files = (
			);
			inputFileListPaths = (
				"${PODS_ROOT}/Target Support Files/Pods-Boom/Pods-Boom-frameworks-${CONFIGURATION}-input-files.xcfilelist",
			);
			name = "[CP] Embed Pods Frameworks";
			outputFileListPaths = (
				"${PODS_ROOT}/Target Support Files/Pods-Boom/Pods-Boom-frameworks-${CONFIGURATION}-output-files.xcfilelist",
			);
			runOnlyForDeploymentPostprocessing = 0;
			shellPath = /bin/sh;
			shellScript = "\"${PODS_ROOT}/Target Support Files/Pods-Boom/Pods-Boom-frameworks.sh\"\n";
			showEnvVarsInLog = 0;
		};
		D9EE66D9392DB2857B70F544 /* [CP] Check Pods Manifest.lock */ = {
			isa = PBXShellScriptBuildPhase;
			buildActionMask = 2147483647;
			files = (
			);
			inputFileListPaths = (
			);
			inputPaths = (
				"${PODS_PODFILE_DIR_PATH}/Podfile.lock",
				"${PODS_ROOT}/Manifest.lock",
			);
			name = "[CP] Check Pods Manifest.lock";
			outputFileListPaths = (
			);
			outputPaths = (
				"$(DERIVED_FILE_DIR)/Pods-Boom-checkManifestLockResult.txt",
			);
			runOnlyForDeploymentPostprocessing = 0;
			shellPath = /bin/sh;
			shellScript = "diff \"${PODS_PODFILE_DIR_PATH}/Podfile.lock\" \"${PODS_ROOT}/Manifest.lock\" > /dev/null\nif [ $? != 0 ] ; then\n    # print error to STDERR\n    echo \"error: The sandbox is not in sync with the Podfile.lock. Run 'pod install' or update your CocoaPods installation.\" >&2\n    exit 1\nfi\n# This output is used by Xcode 'outputs' to avoid re-running this script phase.\necho \"SUCCESS\" > \"${SCRIPT_OUTPUT_FILE_0}\"\n";
			showEnvVarsInLog = 0;
		};
/* End PBXShellScriptBuildPhase section */

/* Begin PBXSourcesBuildPhase section */
		D178B81425D266DA00EF6857 /* Sources */ = {
			isa = PBXSourcesBuildPhase;
			buildActionMask = 2147483647;
			files = (
				D12D68FD25D2A0AD003D91D8 /* CalculateViewController.swift in Sources */,
				D124E28925D513EB00601643 /* PageViewController.swift in Sources */,
				D178B82025D266DA00EF6857 /* ViewController.swift in Sources */,
				D178B81C25D266DA00EF6857 /* AppDelegate.swift in Sources */,
				D178B81E25D266DA00EF6857 /* SceneDelegate.swift in Sources */,
				D12AED4E25D7C21B0082FB57 /* StartViewController.swift in Sources */,
				D12D68F625D29D77003D91D8 /* GameViewController.swift in Sources */,
				D12D68F925D29D8A003D91D8 /* InformationViewController.swift in Sources */,
				D119643A25D669BA00CF983A /* CalculateItem.swift in Sources */,
			);
			runOnlyForDeploymentPostprocessing = 0;
		};
/* End PBXSourcesBuildPhase section */

/* Begin PBXVariantGroup section */
		D178B82125D266DA00EF6857 /* Main.storyboard */ = {
			isa = PBXVariantGroup;
			children = (
				D178B82225D266DA00EF6857 /* Base */,
			);
			name = Main.storyboard;
			sourceTree = "<group>";
		};
		D178B82625D266DB00EF6857 /* LaunchScreen.storyboard */ = {
			isa = PBXVariantGroup;
			children = (
				D178B82725D266DB00EF6857 /* Base */,
			);
			name = LaunchScreen.storyboard;
			sourceTree = "<group>";
		};
/* End PBXVariantGroup section */

/* Begin XCBuildConfiguration section */
		D178B82A25D266DB00EF6857 /* Debug */ = {
			isa = XCBuildConfiguration;
			buildSettings = {
				ALWAYS_SEARCH_USER_PATHS = NO;
				CLANG_ANALYZER_NONNULL = YES;
				CLANG_ANALYZER_NUMBER_OBJECT_CONVERSION = YES_AGGRESSIVE;
				CLANG_CXX_LANGUAGE_STANDARD = "gnu++14";
				CLANG_CXX_LIBRARY = "libc++";
				CLANG_ENABLE_MODULES = YES;
				CLANG_ENABLE_OBJC_ARC = YES;
				CLANG_ENABLE_OBJC_WEAK = YES;
				CLANG_WARN_BLOCK_CAPTURE_AUTORELEASING = YES;
				CLANG_WARN_BOOL_CONVERSION = YES;
				CLANG_WARN_COMMA = YES;
				CLANG_WARN_CONSTANT_CONVERSION = YES;
				CLANG_WARN_DEPRECATED_OBJC_IMPLEMENTATIONS = YES;
				CLANG_WARN_DIRECT_OBJC_ISA_USAGE = YES_ERROR;
				CLANG_WARN_DOCUMENTATION_COMMENTS = YES;
				CLANG_WARN_EMPTY_BODY = YES;
				CLANG_WARN_ENUM_CONVERSION = YES;
				CLANG_WARN_INFINITE_RECURSION = YES;
				CLANG_WARN_INT_CONVERSION = YES;
				CLANG_WARN_NON_LITERAL_NULL_CONVERSION = YES;
				CLANG_WARN_OBJC_IMPLICIT_RETAIN_SELF = YES;
				CLANG_WARN_OBJC_LITERAL_CONVERSION = YES;
				CLANG_WARN_OBJC_ROOT_CLASS = YES_ERROR;
				CLANG_WARN_QUOTED_INCLUDE_IN_FRAMEWORK_HEADER = YES;
				CLANG_WARN_RANGE_LOOP_ANALYSIS = YES;
				CLANG_WARN_STRICT_PROTOTYPES = YES;
				CLANG_WARN_SUSPICIOUS_MOVE = YES;
				CLANG_WARN_UNGUARDED_AVAILABILITY = YES_AGGRESSIVE;
				CLANG_WARN_UNREACHABLE_CODE = YES;
				CLANG_WARN__DUPLICATE_METHOD_MATCH = YES;
				COPY_PHASE_STRIP = NO;
				DEBUG_INFORMATION_FORMAT = dwarf;
				ENABLE_STRICT_OBJC_MSGSEND = YES;
				ENABLE_TESTABILITY = YES;
				GCC_C_LANGUAGE_STANDARD = gnu11;
				GCC_DYNAMIC_NO_PIC = NO;
				GCC_NO_COMMON_BLOCKS = YES;
				GCC_OPTIMIZATION_LEVEL = 0;
				GCC_PREPROCESSOR_DEFINITIONS = (
					"DEBUG=1",
					"$(inherited)",
				);
				GCC_WARN_64_TO_32_BIT_CONVERSION = YES;
				GCC_WARN_ABOUT_RETURN_TYPE = YES_ERROR;
				GCC_WARN_UNDECLARED_SELECTOR = YES;
				GCC_WARN_UNINITIALIZED_AUTOS = YES_AGGRESSIVE;
				GCC_WARN_UNUSED_FUNCTION = YES;
				GCC_WARN_UNUSED_VARIABLE = YES;
				IPHONEOS_DEPLOYMENT_TARGET = 14.4;
				MTL_ENABLE_DEBUG_INFO = INCLUDE_SOURCE;
				MTL_FAST_MATH = YES;
				ONLY_ACTIVE_ARCH = YES;
				SDKROOT = iphoneos;
				SWIFT_ACTIVE_COMPILATION_CONDITIONS = DEBUG;
				SWIFT_OPTIMIZATION_LEVEL = "-Onone";
			};
			name = Debug;
		};
		D178B82B25D266DB00EF6857 /* Release */ = {
			isa = XCBuildConfiguration;
			buildSettings = {
				ALWAYS_SEARCH_USER_PATHS = NO;
				CLANG_ANALYZER_NONNULL = YES;
				CLANG_ANALYZER_NUMBER_OBJECT_CONVERSION = YES_AGGRESSIVE;
				CLANG_CXX_LANGUAGE_STANDARD = "gnu++14";
				CLANG_CXX_LIBRARY = "libc++";
				CLANG_ENABLE_MODULES = YES;
				CLANG_ENABLE_OBJC_ARC = YES;
				CLANG_ENABLE_OBJC_WEAK = YES;
				CLANG_WARN_BLOCK_CAPTURE_AUTORELEASING = YES;
				CLANG_WARN_BOOL_CONVERSION = YES;
				CLANG_WARN_COMMA = YES;
				CLANG_WARN_CONSTANT_CONVERSION = YES;
				CLANG_WARN_DEPRECATED_OBJC_IMPLEMENTATIONS = YES;
				CLANG_WARN_DIRECT_OBJC_ISA_USAGE = YES_ERROR;
				CLANG_WARN_DOCUMENTATION_COMMENTS = YES;
				CLANG_WARN_EMPTY_BODY = YES;
				CLANG_WARN_ENUM_CONVERSION = YES;
				CLANG_WARN_INFINITE_RECURSION = YES;
				CLANG_WARN_INT_CONVERSION = YES;
				CLANG_WARN_NON_LITERAL_NULL_CONVERSION = YES;
				CLANG_WARN_OBJC_IMPLICIT_RETAIN_SELF = YES;
				CLANG_WARN_OBJC_LITERAL_CONVERSION = YES;
				CLANG_WARN_OBJC_ROOT_CLASS = YES_ERROR;
				CLANG_WARN_QUOTED_INCLUDE_IN_FRAMEWORK_HEADER = YES;
				CLANG_WARN_RANGE_LOOP_ANALYSIS = YES;
				CLANG_WARN_STRICT_PROTOTYPES = YES;
				CLANG_WARN_SUSPICIOUS_MOVE = YES;
				CLANG_WARN_UNGUARDED_AVAILABILITY = YES_AGGRESSIVE;
				CLANG_WARN_UNREACHABLE_CODE = YES;
				CLANG_WARN__DUPLICATE_METHOD_MATCH = YES;
				COPY_PHASE_STRIP = NO;
				DEBUG_INFORMATION_FORMAT = "dwarf-with-dsym";
				ENABLE_NS_ASSERTIONS = NO;
				ENABLE_STRICT_OBJC_MSGSEND = YES;
				GCC_C_LANGUAGE_STANDARD = gnu11;
				GCC_NO_COMMON_BLOCKS = YES;
				GCC_WARN_64_TO_32_BIT_CONVERSION = YES;
				GCC_WARN_ABOUT_RETURN_TYPE = YES_ERROR;
				GCC_WARN_UNDECLARED_SELECTOR = YES;
				GCC_WARN_UNINITIALIZED_AUTOS = YES_AGGRESSIVE;
				GCC_WARN_UNUSED_FUNCTION = YES;
				GCC_WARN_UNUSED_VARIABLE = YES;
				IPHONEOS_DEPLOYMENT_TARGET = 14.4;
				MTL_ENABLE_DEBUG_INFO = NO;
				MTL_FAST_MATH = YES;
				SDKROOT = iphoneos;
				SWIFT_COMPILATION_MODE = wholemodule;
				SWIFT_OPTIMIZATION_LEVEL = "-O";
				VALIDATE_PRODUCT = YES;
			};
			name = Release;
		};
		D178B82D25D266DB00EF6857 /* Debug */ = {
			isa = XCBuildConfiguration;
			baseConfigurationReference = 2FB2A0C5D8325C898DE6AF9A /* Pods-Boom.debug.xcconfig */;
			buildSettings = {
				ASSETCATALOG_COMPILER_APPICON_NAME = AppIcon;
				ASSETCATALOG_COMPILER_GLOBAL_ACCENT_COLOR_NAME = AccentColor;
				CODE_SIGN_STYLE = Automatic;
				INFOPLIST_FILE = Boom/Info.plist;
				LD_RUNPATH_SEARCH_PATHS = (
					"$(inherited)",
					"@executable_path/Frameworks",
				);
				PRODUCT_BUNDLE_IDENTIFIER = shawn.Boom;
				PRODUCT_NAME = "$(TARGET_NAME)";
				SWIFT_VERSION = 5.0;
				TARGETED_DEVICE_FAMILY = "1,2";
			};
			name = Debug;
		};
		D178B82E25D266DB00EF6857 /* Release */ = {
			isa = XCBuildConfiguration;
			baseConfigurationReference = 04476E99A1BEDFBE85765D5F /* Pods-Boom.release.xcconfig */;
			buildSettings = {
				ASSETCATALOG_COMPILER_APPICON_NAME = AppIcon;
				ASSETCATALOG_COMPILER_GLOBAL_ACCENT_COLOR_NAME = AccentColor;
				CODE_SIGN_STYLE = Automatic;
				INFOPLIST_FILE = Boom/Info.plist;
				LD_RUNPATH_SEARCH_PATHS = (
					"$(inherited)",
					"@executable_path/Frameworks",
				);
				PRODUCT_BUNDLE_IDENTIFIER = shawn.Boom;
				PRODUCT_NAME = "$(TARGET_NAME)";
				SWIFT_VERSION = 5.0;
				TARGETED_DEVICE_FAMILY = "1,2";
			};
			name = Release;
		};
/* End XCBuildConfiguration section */

/* Begin XCConfigurationList section */
		D178B81325D266DA00EF6857 /* Build configuration list for PBXProject "Boom" */ = {
			isa = XCConfigurationList;
			buildConfigurations = (
				D178B82A25D266DB00EF6857 /* Debug */,
				D178B82B25D266DB00EF6857 /* Release */,
			);
			defaultConfigurationIsVisible = 0;
			defaultConfigurationName = Release;
		};
		D178B82C25D266DB00EF6857 /* Build configuration list for PBXNativeTarget "Boom" */ = {
			isa = XCConfigurationList;
			buildConfigurations = (
				D178B82D25D266DB00EF6857 /* Debug */,
				D178B82E25D266DB00EF6857 /* Release */,
			);
			defaultConfigurationIsVisible = 0;
			defaultConfigurationName = Release;
		};
/* End XCConfigurationList section */
	};
	rootObject = D178B81025D266DA00EF6857 /* Project object */;
}
